
Microsoft Visual Studio Solution File, Format Version 12.00
# Visual Studio Version 17
VisualStudioVersion = 17.11.35303.130
MinimumVisualStudioVersion = 10.0.40219.1
Project("{9A19103F-16F7-4668-BE54-9A1E7A4F7556}") = "CbetaTranslator.App", "CbetaTranslator.App.csproj", "{785C29A3-33E1-49B3-B358-211610332A50}"
EndProject
Project("{FAE04EC0-301F-11D3-BF4B-00C04F79EFBC}") = "CbetaTranslator.Tests", "CbetaTranslator.Tests\CbetaTranslator.Tests.csproj", "{03B4B992-D7C2-4A85-ADD1-57506EA40DCC}"
EndProject
Global
	GlobalSection(SolutionConfigurationPlatforms) = preSolution
		Debug|Any CPU = Debug|Any CPU
		Debug|x64 = Debug|x64
		Debug|x86 = Debug|x86
		Release|Any CPU = Release|Any CPU
		Release|x64 = Release|x64
		Release|x86 = Release|x86
	EndGlobalSection
	GlobalSection(ProjectConfigurationPlatforms) = postSolution
		{785C29A3-33E1-49B3-B358-211610332A50}.Debug|Any CPU.ActiveCfg = Debug|Any CPU
		{785C29A3-33E1-49B3-B358-211610332A50}.Debug|Any CPU.Build.0 = Debug|Any CPU
		{785C29A3-33E1-49B3-B358-211610332A50}.Debug|x64.ActiveCfg = Debug|Any CPU
		{785C29A3-33E1-49B3-B358-211610332A50}.Debug|x64.Build.0 = Debug|Any CPU
		{785C29A3-33E1-49B3-B358-211610332A50}.Debug|x86.ActiveCfg = Debug|Any CPU
		{785C29A3-33E1-49B3-B358-211610332A50}.Debug|x86.Build.0 = Debug|Any CPU
		{785C29A3-33E1-49B3-B358-211610332A50}.Release|Any CPU.ActiveCfg = Release|Any CPU
		{785C29A3-33E1-49B3-B358-211610332A50}.Release|Any CPU.Build.0 = Release|Any CPU
		{785C29A3-33E1-49B3-B358-211610332A50}.Release|x64.ActiveCfg = Release|Any CPU
		{785C29A3-33E1-49B3-B358-211610332A50}.Release|x64.Build.0 = Release|Any CPU
		{785C29A3-33E1-49B3-B358-211610332A50}.Release|x86.ActiveCfg = Release|Any CPU
		{785C29A3-33E1-49B3-B358-211610332A50}.Release|x86.Build.0 = Release|Any CPU
		{03B4B992-D7C2-4A85-ADD1-57506EA40DCC}.Debug|Any CPU.ActiveCfg = Debug|Any CPU
		{03B4B992-D7C2-4A85-ADD1-57506EA40DCC}.Debug|Any CPU.Build.0 = Debug|Any CPU
		{03B4B992-D7C2-4A85-ADD1-57506EA40DCC}.Debug|x64.ActiveCfg = Debug|Any CPU
		{03B4B992-D7C2-4A85-ADD1-57506EA40DCC}.Debug|x64.Build.0 = Debug|Any CPU
		{03B4B992-D7C2-4A85-ADD1-57506EA40DCC}.Debug|x86.ActiveCfg = Debug|Any CPU
		{03B4B992-D7C2-4A85-ADD1-57506EA40DCC}.Debug|x86.Build.0 = Debug|Any CPU
		{03B4B992-D7C2-4A85-ADD1-57506EA40DCC}.Release|Any CPU.ActiveCfg = Release|Any CPU
		{03B4B992-D7C2-4A85-ADD1-57506EA40DCC}.Release|Any CPU.Build.0 = Release|Any CPU
		{03B4B992-D7C2-4A85-ADD1-57506EA40DCC}.Release|x64.ActiveCfg = Release|Any CPU
		{03B4B992-D7C2-4A85-ADD1-57506EA40DCC}.Release|x64.Build.0 = Release|Any CPU
		{03B4B992-D7C2-4A85-ADD1-57506EA40DCC}.Release|x86.ActiveCfg = Release|Any CPU
		{03B4B992-D7C2-4A85-ADD1-57506EA40DCC}.Release|x86.Build.0 = Release|Any CPU
	EndGlobalSection
	GlobalSection(SolutionProperties) = preSolution
		HideSolutionNode = FALSE
	EndGlobalSection
	GlobalSection(ExtensibilityGlobals) = postSolution
		SolutionGuid = {8E60426B-0E05-4B91-8FCC-18166FA92209}
	EndGlobalSection
EndGlobal
